# This file is automatically @generated by Poetry 1.5.1 and should not be changed by hand.

[[package]]
name = "colorama"
version = "0.4.6"
description = "Cross-platform colored terminal text."
optional = false
python-versions = "!=3.0.*,!=3.1.*,!=3.2.*,!=3.3.*,!=3.4.*,!=3.5.*,!=3.6.*,>=2.7"
files = [
    {file = "colorama-0.4.6-py2.py3-none-any.whl", hash = "sha256:4f1d9991f5acc0ca119f9d443620b77f9d6b33703e51011c16baf57afb285fc6"},
    {file = "colorama-0.4.6.tar.gz", hash = "sha256:08695f5cb7ed6e0531a20572697297273c47b8cae5a63ffc6d6ed5c201be6e44"},
]

[[package]]
name = "defopt"
version = "6.4.0"
description = "Effortless argument parser"
optional = false
python-versions = ">=3.5"
files = [
    {file = "defopt-6.4.0.tar.gz", hash = "sha256:359a56137b4b7dcbc051d2157e6591a09c35c4297cfc00f1ef8dbcd192d19a34"},
]

[package.dependencies]
colorama = {version = ">=0.3.4", markers = "sys_platform == \"win32\""}
docutils = ">=0.12"
sphinxcontrib-napoleon = ">=0.7.0"

[package.extras]
docs = ["sphinx (>=4.4)"]

[[package]]
name = "docutils"
version = "0.21.2"
description = "Docutils -- Python Documentation Utilities"
optional = false
python-versions = ">=3.9"
files = [
    {file = "docutils-0.21.2-py3-none-any.whl", hash = "sha256:dafca5b9e384f0e419294eb4d2ff9fa826435bf15f15b7bd45723e8ad76811b2"},
    {file = "docutils-0.21.2.tar.gz", hash = "sha256:3a6b18732edf182daa3cd12775bbb338cf5691468f91eeeb109deff6ebfa986f"},
]

[[package]]
name = "pockets"
version = "0.9.1"
description = "A collection of helpful Python tools!"
optional = false
python-versions = "*"
files = [
    {file = "pockets-0.9.1-py2.py3-none-any.whl", hash = "sha256:68597934193c08a08eb2bf6a1d85593f627c22f9b065cc727a4f03f669d96d86"},
    {file = "pockets-0.9.1.tar.gz", hash = "sha256:9320f1a3c6f7a9133fe3b571f283bcf3353cd70249025ae8d618e40e9f7e92b3"},
]

[package.dependencies]
six = ">=1.5.2"

[[package]]
name = "polars"
version = "1.26.0"
description = "Blazingly fast DataFrame library"
optional = false
python-versions = ">=3.9"
files = [
    {file = "polars-1.26.0-cp39-abi3-macosx_10_12_x86_64.whl", hash = "sha256:2afefcd356608981b2e15d46df9ddaa6e77f36095ebeb73c3261e198bd51c925"},
    {file = "polars-1.26.0-cp39-abi3-macosx_11_0_arm64.whl", hash = "sha256:587eb3c5000423eb20be998f523e605ddba0d3c598ba4a7e2a4d0b92b1fd2a7e"},
    {file = "polars-1.26.0-cp39-abi3-manylinux_2_17_x86_64.manylinux2014_x86_64.whl", hash = "sha256:66c30f4b7e060c2e7f3a45d6ac94ab3b179831a2f1e629401bf7912d54311529"},
    {file = "polars-1.26.0-cp39-abi3-manylinux_2_24_aarch64.whl", hash = "sha256:110d6987d37ae954a5ef16d739fb717df9d39b144790d12d98fb3e72ed35621c"},
    {file = "polars-1.26.0-cp39-abi3-win_amd64.whl", hash = "sha256:189a58aaf393003515fa6d83e2dea815a2b448265f2007a926274ed12672583c"},
    {file = "polars-1.26.0-cp39-abi3-win_arm64.whl", hash = "sha256:58db2dce39cad5f8fc8e8c5c923a250eb21eff4146b03514d570d1c205a4874c"},
    {file = "polars-1.26.0.tar.gz", hash = "sha256:b5492d38e5ec2ae6a8853833c5a31549194a361b901134fc5f2f57b49bd563ea"},
]

[package.extras]
adbc = ["adbc-driver-manager[dbapi]", "adbc-driver-sqlite[dbapi]"]
all = ["polars[async,cloudpickle,database,deltalake,excel,fsspec,graph,iceberg,numpy,pandas,plot,pyarrow,pydantic,style,timezone]"]
async = ["gevent"]
calamine = ["fastexcel (>=0.9)"]
cloudpickle = ["cloudpickle"]
connectorx = ["connectorx (>=0.3.2)"]
database = ["polars[adbc,connectorx,sqlalchemy]"]
deltalake = ["deltalake (>=0.19.0)"]
excel = ["polars[calamine,openpyxl,xlsx2csv,xlsxwriter]"]
fsspec = ["fsspec"]
gpu = ["cudf-polars-cu12"]
graph = ["matplotlib"]
iceberg = ["pyiceberg (>=0.7.1)"]
numpy = ["numpy (>=1.16.0)"]
openpyxl = ["openpyxl (>=3.0.0)"]
pandas = ["pandas", "polars[pyarrow]"]
plot = ["altair (>=5.4.0)"]
polars-cloud = ["polars-cloud (>=0.0.1a1)"]
pyarrow = ["pyarrow (>=7.0.0)"]
pydantic = ["pydantic"]
sqlalchemy = ["polars[pandas]", "sqlalchemy"]
style = ["great-tables (>=0.8.0)"]
timezone = ["tzdata"]
xlsx2csv = ["xlsx2csv (>=0.8.0)"]
xlsxwriter = ["xlsxwriter"]

[[package]]
name = "six"
version = "1.17.0"
description = "Python 2 and 3 compatibility utilities"
optional = false
python-versions = "!=3.0.*,!=3.1.*,!=3.2.*,>=2.7"
files = [
    {file = "six-1.17.0-py2.py3-none-any.whl", hash = "sha256:4721f391ed90541fddacab5acf947aa0d3dc7d27b2e1e8eda2be8970586c3274"},
    {file = "six-1.17.0.tar.gz", hash = "sha256:ff70335d468e7eb6ec65b95b99d3a2836546063f63acc5171de367e834932a81"},
]

[[package]]
name = "sphinxcontrib-napoleon"
version = "0.7"
description = "Sphinx \"napoleon\" extension."
optional = false
python-versions = "*"
files = [
    {file = "sphinxcontrib-napoleon-0.7.tar.gz", hash = "sha256:407382beed396e9f2d7f3043fad6afda95719204a1e1a231ac865f40abcbfcf8"},
    {file = "sphinxcontrib_napoleon-0.7-py2.py3-none-any.whl", hash = "sha256:711e41a3974bdf110a484aec4c1a556799eb0b3f3b897521a018ad7e2db13fef"},
]

[package.dependencies]
pockets = ">=0.3"
six = ">=1.5.2"

[metadata]
lock-version = "2.0"
python-versions = "^3.11"
content-hash = "8f4da9103197b818878d680f84eca8960f3d971dea56437e97792c2103e7e8ce"
